// !$*UTF8*$!
{
	archiveVersion = 1;
	classes = {
	};
	objectVersion = 46;
	objects = {

/* Begin PBXBuildFile section */
		420409461E3875BB005C0220 /* main.swift in Sources */ = {isa = PBXBuildFile; fileRef = 420409451E3875BB005C0220 /* main.swift */; };
		4204094D1E3875E2005C0220 /* Lexer.swift in Sources */ = {isa = PBXBuildFile; fileRef = 4204094C1E3875E2005C0220 /* Lexer.swift */; };
		421032651E39DBBA00791E44 /* Parser.swift in Sources */ = {isa = PBXBuildFile; fileRef = 421032641E39DBBA00791E44 /* Parser.swift */; };
		421032671E3AE68800791E44 /* LexerTokenType.swift in Sources */ = {isa = PBXBuildFile; fileRef = 421032661E3AE68800791E44 /* LexerTokenType.swift */; };
		421032691E3B08C400791E44 /* ParserRule.swift in Sources */ = {isa = PBXBuildFile; fileRef = 421032681E3B08C400791E44 /* ParserRule.swift */; };
		4210326D1E3B3AC100791E44 /* Error.swift in Sources */ = {isa = PBXBuildFile; fileRef = 4210326C1E3B3AC100791E44 /* Error.swift */; };
		4210326F1E3B3CD800791E44 /* Array+Helper.swift in Sources */ = {isa = PBXBuildFile; fileRef = 4210326E1E3B3CD800791E44 /* Array+Helper.swift */; };
/* End PBXBuildFile section */

/* Begin PBXCopyFilesBuildPhase section */
		420409401E3875BB005C0220 /* CopyFiles */ = {
			isa = PBXCopyFilesBuildPhase;
			buildActionMask = 2147483647;
			dstPath = /Users/xudong/Desktop;
			dstSubfolderSpec = 0;
			files = (
			);
			runOnlyForDeploymentPostprocessing = 1;
		};
/* End PBXCopyFilesBuildPhase section */

/* Begin PBXFileReference section */
		420409421E3875BB005C0220 /* HTTPIDL-Parser */ = {isa = PBXFileReference; explicitFileType = "compiled.mach-o.executable"; includeInIndex = 0; path = "HTTPIDL-Parser"; sourceTree = BUILT_PRODUCTS_DIR; };
		420409451E3875BB005C0220 /* main.swift */ = {isa = PBXFileReference; lastKnownFileType = sourcecode.swift; path = main.swift; sourceTree = "<group>"; };
		4204094C1E3875E2005C0220 /* Lexer.swift */ = {isa = PBXFileReference; fileEncoding = 4; lastKnownFileType = sourcecode.swift; path = Lexer.swift; sourceTree = "<group>"; };
		421032641E39DBBA00791E44 /* Parser.swift */ = {isa = PBXFileReference; fileEncoding = 4; lastKnownFileType = sourcecode.swift; path = Parser.swift; sourceTree = "<group>"; };
		421032661E3AE68800791E44 /* LexerTokenType.swift */ = {isa = PBXFileReference; fileEncoding = 4; lastKnownFileType = sourcecode.swift; path = LexerTokenType.swift; sourceTree = "<group>"; };
		421032681E3B08C400791E44 /* ParserRule.swift */ = {isa = PBXFileReference; fileEncoding = 4; lastKnownFileType = sourcecode.swift; path = ParserRule.swift; sourceTree = "<group>"; };
		4210326C1E3B3AC100791E44 /* Error.swift */ = {isa = PBXFileReference; fileEncoding = 4; lastKnownFileType = sourcecode.swift; path = Error.swift; sourceTree = "<group>"; };
		4210326E1E3B3CD800791E44 /* Array+Helper.swift */ = {isa = PBXFileReference; fileEncoding = 4; lastKnownFileType = sourcecode.swift; path = "Array+Helper.swift"; sourceTree = "<group>"; };
		427CB2231E3DB1E00085AE42 /* Example */ = {isa = PBXFileReference; fileEncoding = 4; lastKnownFileType = text; name = Example; path = ../../../Desktop/HTTPIDLParserExample/Example; sourceTree = "<group>"; };
/* End PBXFileReference section */

/* Begin PBXFrameworksBuildPhase section */
		4204093F1E3875BB005C0220 /* Frameworks */ = {
			isa = PBXFrameworksBuildPhase;
			buildActionMask = 2147483647;
			files = (
			);
			runOnlyForDeploymentPostprocessing = 0;
		};
/* End PBXFrameworksBuildPhase section */

/* Begin PBXGroup section */
		420409391E3875BB005C0220 = {
			isa = PBXGroup;
			children = (
				420409441E3875BB005C0220 /* HTTPIDL-Parser */,
				420409431E3875BB005C0220 /* Products */,
			);
			sourceTree = "<group>";
		};
		420409431E3875BB005C0220 /* Products */ = {
			isa = PBXGroup;
			children = (
				420409421E3875BB005C0220 /* HTTPIDL-Parser */,
			);
			name = Products;
			sourceTree = "<group>";
		};
		420409441E3875BB005C0220 /* HTTPIDL-Parser */ = {
			isa = PBXGroup;
			children = (
				420409451E3875BB005C0220 /* main.swift */,
				4204094C1E3875E2005C0220 /* Lexer.swift */,
				421032661E3AE68800791E44 /* LexerTokenType.swift */,
				421032641E39DBBA00791E44 /* Parser.swift */,
				421032681E3B08C400791E44 /* ParserRule.swift */,
				4210326C1E3B3AC100791E44 /* Error.swift */,
				4210326E1E3B3CD800791E44 /* Array+Helper.swift */,
				427CB2231E3DB1E00085AE42 /* Example */,
			);
			path = "HTTPIDL-Parser";
			sourceTree = "<group>";
		};
/* End PBXGroup section */

/* Begin PBXNativeTarget section */
		420409411E3875BB005C0220 /* HTTPIDL-Parser */ = {
			isa = PBXNativeTarget;
			buildConfigurationList = 420409491E3875BB005C0220 /* Build configuration list for PBXNativeTarget "HTTPIDL-Parser" */;
			buildPhases = (
				4204093E1E3875BB005C0220 /* Sources */,
				4204093F1E3875BB005C0220 /* Frameworks */,
				420409401E3875BB005C0220 /* CopyFiles */,
			);
			buildRules = (
			);
			dependencies = (
			);
			name = "HTTPIDL-Parser";
			productName = "HTTPIDL-Parser";
			productReference = 420409421E3875BB005C0220 /* HTTPIDL-Parser */;
			productType = "com.apple.product-type.tool";
		};
/* End PBXNativeTarget section */

/* Begin PBXProject section */
		4204093A1E3875BB005C0220 /* Project object */ = {
			isa = PBXProject;
			attributes = {
				LastSwiftUpdateCheck = 0820;
				LastUpgradeCheck = 0820;
				ORGANIZATIONNAME = "dx lab";
				TargetAttributes = {
					420409411E3875BB005C0220 = {
						CreatedOnToolsVersion = 8.2.1;
						DevelopmentTeam = PBPY62KKV5;
						ProvisioningStyle = Automatic;
					};
				};
			};
			buildConfigurationList = 4204093D1E3875BB005C0220 /* Build configuration list for PBXProject "HTTPIDL-Parser" */;
			compatibilityVersion = "Xcode 3.2";
			developmentRegion = English;
			hasScannedForEncodings = 0;
			knownRegions = (
				en,
			);
			mainGroup = 420409391E3875BB005C0220;
			productRefGroup = 420409431E3875BB005C0220 /* Products */;
			projectDirPath = "";
			projectRoot = "";
			targets = (
				420409411E3875BB005C0220 /* HTTPIDL-Parser */,
			);
		};
/* End PBXProject section */

/* Begin PBXSourcesBuildPhase section */
		4204093E1E3875BB005C0220 /* Sources */ = {
			isa = PBXSourcesBuildPhase;
			buildActionMask = 2147483647;
			files = (
				421032671E3AE68800791E44 /* LexerTokenType.swift in Sources */,
				4204094D1E3875E2005C0220 /* Lexer.swift in Sources */,
				420409461E3875BB005C0220 /* main.swift in Sources */,
				421032691E3B08C400791E44 /* ParserRule.swift in Sources */,
				4210326D1E3B3AC100791E44 /* Error.swift in Sources */,
				421032651E39DBBA00791E44 /* Parser.swift in Sources */,
				4210326F1E3B3CD800791E44 /* Array+Helper.swift in Sources */,
			);
			runOnlyForDeploymentPostprocessing = 0;
		};
/* End PBXSourcesBuildPhase section */

/* Begin XCBuildConfiguration section */
		420409471E3875BB005C0220 /* Debug */ = {
			isa = XCBuildConfiguration;
			buildSettings = {
				ALWAYS_SEARCH_USER_PATHS = NO;
				CLANG_ANALYZER_NONNULL = YES;
				CLANG_CXX_LANGUAGE_STANDARD = "gnu++0x";
				CLANG_CXX_LIBRARY = "libc++";
				CLANG_ENABLE_MODULES = YES;
				CLANG_ENABLE_OBJC_ARC = YES;
				CLANG_WARN_BOOL_CONVERSION = YES;
				CLANG_WARN_CONSTANT_CONVERSION = YES;
				CLANG_WARN_DIRECT_OBJC_ISA_USAGE = YES_ERROR;
				CLANG_WARN_DOCUMENTATION_COMMENTS = YES;
				CLANG_WARN_EMPTY_BODY = YES;
				CLANG_WARN_ENUM_CONVERSION = YES;
				CLANG_WARN_INFINITE_RECURSION = YES;
				CLANG_WARN_INT_CONVERSION = YES;
				CLANG_WARN_OBJC_ROOT_CLASS = YES_ERROR;
				CLANG_WARN_SUSPICIOUS_MOVE = YES;
				CLANG_WARN_UNREACHABLE_CODE = YES;
				CLANG_WARN__DUPLICATE_METHOD_MATCH = YES;
				CODE_SIGN_IDENTITY = "-";
				COPY_PHASE_STRIP = NO;
				DEBUG_INFORMATION_FORMAT = dwarf;
				ENABLE_STRICT_OBJC_MSGSEND = YES;
				ENABLE_TESTABILITY = YES;
				GCC_C_LANGUAGE_STANDARD = gnu99;
				GCC_DYNAMIC_NO_PIC = NO;
				GCC_NO_COMMON_BLOCKS = YES;
				GCC_OPTIMIZATION_LEVEL = 0;
				GCC_PREPROCESSOR_DEFINITIONS = (
					"DEBUG=1",
					"$(inherited)",
				);
				GCC_WARN_64_TO_32_BIT_CONVERSION = YES;
				GCC_WARN_ABOUT_RETURN_TYPE = YES_ERROR;
				GCC_WARN_UNDECLARED_SELECTOR = YES;
				GCC_WARN_UNINITIALIZED_AUTOS = YES_AGGRESSIVE;
				GCC_WARN_UNUSED_FUNCTION = YES;
				GCC_WARN_UNUSED_VARIABLE = YES;
				MACOSX_DEPLOYMENT_TARGET = 10.12;
				MTL_ENABLE_DEBUG_INFO = YES;
				ONLY_ACTIVE_ARCH = YES;
				SDKROOT = macosx;
				SWIFT_OPTIMIZATION_LEVEL = "-Onone";
			};
			name = Debug;
		};
		420409481E3875BB005C0220 /* Release */ = {
			isa = XCBuildConfiguration;
			buildSettings = {
				ALWAYS_SEARCH_USER_PATHS = NO;
				CLANG_ANALYZER_NONNULL = YES;
				CLANG_CXX_LANGUAGE_STANDARD = "gnu++0x";
				CLANG_CXX_LIBRARY = "libc++";
				CLANG_ENABLE_MODULES = YES;
				CLANG_ENABLE_OBJC_ARC = YES;
				CLANG_WARN_BOOL_CONVERSION = YES;
				CLANG_WARN_CONSTANT_CONVERSION = YES;
				CLANG_WARN_DIRECT_OBJC_ISA_USAGE = YES_ERROR;
				CLANG_WARN_DOCUMENTATION_COMMENTS = YES;
				CLANG_WARN_EMPTY_BODY = YES;
				CLANG_WARN_ENUM_CONVERSION = YES;
				CLANG_WARN_INFINITE_RECURSION = YES;
				CLANG_WARN_INT_CONVERSION = YES;
				CLANG_WARN_OBJC_ROOT_CLASS = YES_ERROR;
				CLANG_WARN_SUSPICIOUS_MOVE = YES;
				CLANG_WARN_UNREACHABLE_CODE = YES;
				CLANG_WARN__DUPLICATE_METHOD_MATCH = YES;
				CODE_SIGN_IDENTITY = "-";
				COPY_PHASE_STRIP = NO;
				DEBUG_INFORMATION_FORMAT = "dwarf-with-dsym";
				ENABLE_NS_ASSERTIONS = NO;
				ENABLE_STRICT_OBJC_MSGSEND = YES;
				GCC_C_LANGUAGE_STANDARD = gnu99;
				GCC_NO_COMMON_BLOCKS = YES;
				GCC_WARN_64_TO_32_BIT_CONVERSION = YES;
				GCC_WARN_ABOUT_RETURN_TYPE = YES_ERROR;
				GCC_WARN_UNDECLARED_SELECTOR = YES;
				GCC_WARN_UNINITIALIZED_AUTOS = YES_AGGRESSIVE;
				GCC_WARN_UNUSED_FUNCTION = YES;
				GCC_WARN_UNUSED_VARIABLE = YES;
				MACOSX_DEPLOYMENT_TARGET = 10.12;
				MTL_ENABLE_DEBUG_INFO = NO;
				SDKROOT = macosx;
			};
			name = Release;
		};
		4204094A1E3875BB005C0220 /* Debug */ = {
			isa = XCBuildConfiguration;
			buildSettings = {
				DEVELOPMENT_TEAM = PBPY62KKV5;
				PRODUCT_NAME = "$(TARGET_NAME)";
				SWIFT_VERSION = 3.0;
			};
			name = Debug;
		};
		4204094B1E3875BB005C0220 /* Release */ = {
			isa = XCBuildConfiguration;
			buildSettings = {
				DEVELOPMENT_TEAM = PBPY62KKV5;
				PRODUCT_NAME = "$(TARGET_NAME)";
				SWIFT_VERSION = 3.0;
			};
			name = Release;
		};
/* End XCBuildConfiguration section */

/* Begin XCConfigurationList section */
		4204093D1E3875BB005C0220 /* Build configuration list for PBXProject "HTTPIDL-Parser" */ = {
			isa = XCConfigurationList;
			buildConfigurations = (
				420409471E3875BB005C0220 /* Debug */,
				420409481E3875BB005C0220 /* Release */,
			);
			defaultConfigurationIsVisible = 0;
			defaultConfigurationName = Release;
		};
		420409491E3875BB005C0220 /* Build configuration list for PBXNativeTarget "HTTPIDL-Parser" */ = {
			isa = XCConfigurationList;
			buildConfigurations = (
				4204094A1E3875BB005C0220 /* Debug */,
				4204094B1E3875BB005C0220 /* Release */,
			);
			defaultConfigurationIsVisible = 0;
			defaultConfigurationName = Release;
		};
/* End XCConfigurationList section */
	};
	rootObject = 4204093A1E3875BB005C0220 /* Project object */;
}
